
Microsoft Visual Studio Solution File, Format Version 12.00
# Visual Studio Version 17
VisualStudioVersion = 17.11.35327.3
MinimumVisualStudioVersion = 10.0.40219.1
Project("{FAE04EC0-301F-11D3-BF4B-00C04F79EFBC}") = "WindowsFormsApp1", "WindowsFormsApp1\WindowsFormsApp1.csproj", "{F453960D-1D31-4A25-BCD2-E48C08F32EB5}"
EndProject
Global
	GlobalSection(SolutionConfigurationPlatforms) = preSolution
		Debug|Any CPU = Debug|Any CPU
		Release|Any CPU = Release|Any CPU
	EndGlobalSection
	GlobalSection(ProjectConfigurationPlatforms) = postSolution
		{F453960D-1D31-4A25-BCD2-E48C08F32EB5}.Debug|Any CPU.ActiveCfg = Debug|Any CPU
		{F453960D-1D31-4A25-BCD2-E48C08F32EB5}.Debug|Any CPU.Build.0 = Debug|Any CPU
		{F453960D-1D31-4A25-BCD2-E48C08F32EB5}.Release|Any CPU.ActiveCfg = Release|Any CPU
		{F453960D-1D31-4A25-BCD2-E48C08F32EB5}.Release|Any CPU.Build.0 = Release|Any CPU
	EndGlobalSection
	GlobalSection(SolutionProperties) = preSolution
		HideSolutionNode = FALSE
	EndGlobalSection
	GlobalSection(ExtensibilityGlobals) = postSolution
		SolutionGuid = {558CD599-7BA7-42C5-9BB0-07D5BA40BF33}
	EndGlobalSection
EndGlobal
